
Microsoft Visual Studio Solution File, Format Version 12.00
# Visual Studio 15
VisualStudioVersion = 15.0.26730.12
MinimumVisualStudioVersion = 10.0.40219.1
Project("{FAE04EC0-301F-11D3-BF4B-00C04F79EFBC}") = "BSBookstore.API", "BSBookstore.API\BSBookstore.API.csproj", "{8AFF66C5-7E83-4E91-9824-D2BC3DF549DE}"
EndProject
Project("{2150E333-8FDC-42A3-9474-1A3956D46DE8}") = "UI", "UI", "{D35EAB38-C073-4868-8916-AA8F0BC27E7A}"
EndProject
Project("{2150E333-8FDC-42A3-9474-1A3956D46DE8}") = "API", "API", "{7B29C4AB-380F-42E5-AC5D-C5699C68B4C7}"
EndProject
Project("{2150E333-8FDC-42A3-9474-1A3956D46DE8}") = "Application", "Application", "{C635B171-C268-4D22-8441-3C003BC5335C}"
EndProject
Project("{2150E333-8FDC-42A3-9474-1A3956D46DE8}") = "Domain", "Domain", "{825113FE-E25C-493E-BCF4-3A431E7780A0}"
EndProject
Project("{2150E333-8FDC-42A3-9474-1A3956D46DE8}") = "Infrastructure", "Infrastructure", "{BE537D72-BE59-4AAC-B073-A77EF53C501B}"
EndProject
Project("{FAE04EC0-301F-11D3-BF4B-00C04F79EFBC}") = "BSBookstore.Infrastructure.IoC", "BSBookstore.Infrastructure.IoC\BSBookstore.Infrastructure.IoC.csproj", "{B346D4BB-4F71-46A5-ABB4-7EAA38A0A5A1}"
EndProject
Project("{FAE04EC0-301F-11D3-BF4B-00C04F79EFBC}") = "BSBookstore.Infrastructure.Repository", "BSBookstore.Infrastructure.Repository\BSBookstore.Infrastructure.Repository.csproj", "{033E7905-685D-4D38-BEB3-2B10D548EDC2}"
EndProject
Project("{FAE04EC0-301F-11D3-BF4B-00C04F79EFBC}") = "BSBookstore.Domain", "BSBookstore.Domain\BSBookstore.Domain.csproj", "{E0DDF15F-74B9-4403-96FB-072A53DC7F7C}"
EndProject
Project("{FAE04EC0-301F-11D3-BF4B-00C04F79EFBC}") = "BSBookstore.Application", "BSBookstore.Application\BSBookstore.Application.csproj", "{A418B018-8DEE-41A7-AE6F-2247D1C23E73}"
EndProject
Global
	GlobalSection(SolutionConfigurationPlatforms) = preSolution
		Debug|Any CPU = Debug|Any CPU
		Release|Any CPU = Release|Any CPU
	EndGlobalSection
	GlobalSection(ProjectConfigurationPlatforms) = postSolution
		{8AFF66C5-7E83-4E91-9824-D2BC3DF549DE}.Debug|Any CPU.ActiveCfg = Debug|Any CPU
		{8AFF66C5-7E83-4E91-9824-D2BC3DF549DE}.Debug|Any CPU.Build.0 = Debug|Any CPU
		{8AFF66C5-7E83-4E91-9824-D2BC3DF549DE}.Release|Any CPU.ActiveCfg = Release|Any CPU
		{8AFF66C5-7E83-4E91-9824-D2BC3DF549DE}.Release|Any CPU.Build.0 = Release|Any CPU
		{B346D4BB-4F71-46A5-ABB4-7EAA38A0A5A1}.Debug|Any CPU.ActiveCfg = Debug|Any CPU
		{B346D4BB-4F71-46A5-ABB4-7EAA38A0A5A1}.Debug|Any CPU.Build.0 = Debug|Any CPU
		{B346D4BB-4F71-46A5-ABB4-7EAA38A0A5A1}.Release|Any CPU.ActiveCfg = Release|Any CPU
		{B346D4BB-4F71-46A5-ABB4-7EAA38A0A5A1}.Release|Any CPU.Build.0 = Release|Any CPU
		{033E7905-685D-4D38-BEB3-2B10D548EDC2}.Debug|Any CPU.ActiveCfg = Debug|Any CPU
		{033E7905-685D-4D38-BEB3-2B10D548EDC2}.Debug|Any CPU.Build.0 = Debug|Any CPU
		{033E7905-685D-4D38-BEB3-2B10D548EDC2}.Release|Any CPU.ActiveCfg = Release|Any CPU
		{033E7905-685D-4D38-BEB3-2B10D548EDC2}.Release|Any CPU.Build.0 = Release|Any CPU
		{E0DDF15F-74B9-4403-96FB-072A53DC7F7C}.Debug|Any CPU.ActiveCfg = Debug|Any CPU
		{E0DDF15F-74B9-4403-96FB-072A53DC7F7C}.Debug|Any CPU.Build.0 = Debug|Any CPU
		{E0DDF15F-74B9-4403-96FB-072A53DC7F7C}.Release|Any CPU.ActiveCfg = Release|Any CPU
		{E0DDF15F-74B9-4403-96FB-072A53DC7F7C}.Release|Any CPU.Build.0 = Release|Any CPU
		{A418B018-8DEE-41A7-AE6F-2247D1C23E73}.Debug|Any CPU.ActiveCfg = Debug|Any CPU
		{A418B018-8DEE-41A7-AE6F-2247D1C23E73}.Debug|Any CPU.Build.0 = Debug|Any CPU
		{A418B018-8DEE-41A7-AE6F-2247D1C23E73}.Release|Any CPU.ActiveCfg = Release|Any CPU
		{A418B018-8DEE-41A7-AE6F-2247D1C23E73}.Release|Any CPU.Build.0 = Release|Any CPU
	EndGlobalSection
	GlobalSection(SolutionProperties) = preSolution
		HideSolutionNode = FALSE
	EndGlobalSection
	GlobalSection(NestedProjects) = preSolution
		{8AFF66C5-7E83-4E91-9824-D2BC3DF549DE} = {7B29C4AB-380F-42E5-AC5D-C5699C68B4C7}
		{B346D4BB-4F71-46A5-ABB4-7EAA38A0A5A1} = {BE537D72-BE59-4AAC-B073-A77EF53C501B}
		{033E7905-685D-4D38-BEB3-2B10D548EDC2} = {BE537D72-BE59-4AAC-B073-A77EF53C501B}
		{E0DDF15F-74B9-4403-96FB-072A53DC7F7C} = {825113FE-E25C-493E-BCF4-3A431E7780A0}
		{A418B018-8DEE-41A7-AE6F-2247D1C23E73} = {C635B171-C268-4D22-8441-3C003BC5335C}
	EndGlobalSection
	GlobalSection(ExtensibilityGlobals) = postSolution
		SolutionGuid = {ACC95913-E98D-4A2A-BE15-EBED2DF219C8}
	EndGlobalSection
EndGlobal
